
Microsoft Visual Studio Solution File, Format Version 12.00
# Visual Studio Version 16
VisualStudioVersion = 16.0.28527.54
MinimumVisualStudioVersion = 10.0.40219.1
Project("{FAE04EC0-301F-11D3-BF4B-00C04F79EFBC}") = "LumiaWOA.FirmwareApplications", "LumiaWOA.FirmwareApplications\LumiaWOA.FirmwareApplications.csproj", "{C2DA7E27-CE08-4C74-9592-2E4D893571D0}"
EndProject
Project("{FAE04EC0-301F-11D3-BF4B-00C04F79EFBC}") = "AdvancedInfo", "AdvancedInfo\AdvancedInfo.csproj", "{76C9DAFE-90D2-4F91-BED5-CF56E3C1AB5F}"
EndProject
Project("{FAE04EC0-301F-11D3-BF4B-00C04F79EFBC}") = "ColorProfile", "ColorProfile\ColorProfile.csproj", "{5F257A3A-9237-4B3D-9806-79D0597B69DD}"
EndProject
Project("{FAE04EC0-301F-11D3-BF4B-00C04F79EFBC}") = "Touch", "Touch\Touch.csproj", "{4EBD3055-0BBA-4A3F-BD21-7FE363E6BA4C}"
EndProject
Project("{FAE04EC0-301F-11D3-BF4B-00C04F79EFBC}") = "Equalizer", "Equalizer\Equalizer.csproj", "{5233F0EB-EFFB-4554-9E91-61F473C99235}"
EndProject
Project("{FAE04EC0-301F-11D3-BF4B-00C04F79EFBC}") = "Gadgets", "Gadgets\Gadgets.csproj", "{57C569A6-2105-4264-9D74-02025857B14D}"
EndProject
Project("{2150E333-8FDC-42A3-9474-1A3956D46DE8}") = "Apps", "Apps", "{3E688424-7E24-4287-A6ED-4D6069E60263}"
EndProject
Project("{2150E333-8FDC-42A3-9474-1A3956D46DE8}") = "Libraries", "Libraries", "{A3EDC0A8-663E-4887-949E-57E34E1C4E4D}"
EndProject
Project("{2150E333-8FDC-42A3-9474-1A3956D46DE8}") = "TestApps", "TestApps", "{629CFF12-2423-4296-9A2A-C867E43BDE71}"
EndProject
Project("{FAE04EC0-301F-11D3-BF4B-00C04F79EFBC}") = "GlanceScreen", "GlanceScreen\GlanceScreen.csproj", "{D6384B28-74B2-47A8-9C86-FCB44EE51BB1}"
EndProject
Project("{8BC9CEB8-8B4A-11D0-8D11-00A0C91BC942}") = "RegistryRT", "RegistryRT\RegistryRT.vcxproj", "{84A7225C-2DAF-410D-AB85-282AB220A89F}"
EndProject
Global
	GlobalSection(SolutionConfigurationPlatforms) = preSolution
		Debug|ARM = Debug|ARM
		Debug|ARM64 = Debug|ARM64
		Debug|x64 = Debug|x64
		Debug|x86 = Debug|x86
		Release|ARM = Release|ARM
		Release|ARM64 = Release|ARM64
		Release|x64 = Release|x64
		Release|x86 = Release|x86
	EndGlobalSection
	GlobalSection(ProjectConfigurationPlatforms) = postSolution
		{C2DA7E27-CE08-4C74-9592-2E4D893571D0}.Debug|ARM.ActiveCfg = Debug|ARM
		{C2DA7E27-CE08-4C74-9592-2E4D893571D0}.Debug|ARM.Build.0 = Debug|ARM
		{C2DA7E27-CE08-4C74-9592-2E4D893571D0}.Debug|ARM.Deploy.0 = Debug|ARM
		{C2DA7E27-CE08-4C74-9592-2E4D893571D0}.Debug|ARM64.ActiveCfg = Debug|ARM64
		{C2DA7E27-CE08-4C74-9592-2E4D893571D0}.Debug|ARM64.Build.0 = Debug|ARM64
		{C2DA7E27-CE08-4C74-9592-2E4D893571D0}.Debug|ARM64.Deploy.0 = Debug|ARM64
		{C2DA7E27-CE08-4C74-9592-2E4D893571D0}.Debug|x64.ActiveCfg = Debug|x64
		{C2DA7E27-CE08-4C74-9592-2E4D893571D0}.Debug|x64.Build.0 = Debug|x64
		{C2DA7E27-CE08-4C74-9592-2E4D893571D0}.Debug|x64.Deploy.0 = Debug|x64
		{C2DA7E27-CE08-4C74-9592-2E4D893571D0}.Debug|x86.ActiveCfg = Debug|x86
		{C2DA7E27-CE08-4C74-9592-2E4D893571D0}.Debug|x86.Build.0 = Debug|x86
		{C2DA7E27-CE08-4C74-9592-2E4D893571D0}.Debug|x86.Deploy.0 = Debug|x86
		{C2DA7E27-CE08-4C74-9592-2E4D893571D0}.Release|ARM.ActiveCfg = Release|ARM
		{C2DA7E27-CE08-4C74-9592-2E4D893571D0}.Release|ARM.Build.0 = Release|ARM
		{C2DA7E27-CE08-4C74-9592-2E4D893571D0}.Release|ARM.Deploy.0 = Release|ARM
		{C2DA7E27-CE08-4C74-9592-2E4D893571D0}.Release|ARM64.ActiveCfg = Release|ARM64
		{C2DA7E27-CE08-4C74-9592-2E4D893571D0}.Release|ARM64.Build.0 = Release|ARM64
		{C2DA7E27-CE08-4C74-9592-2E4D893571D0}.Release|ARM64.Deploy.0 = Release|ARM64
		{C2DA7E27-CE08-4C74-9592-2E4D893571D0}.Release|x64.ActiveCfg = Release|x64
		{C2DA7E27-CE08-4C74-9592-2E4D893571D0}.Release|x64.Build.0 = Release|x64
		{C2DA7E27-CE08-4C74-9592-2E4D893571D0}.Release|x64.Deploy.0 = Release|x64
		{C2DA7E27-CE08-4C74-9592-2E4D893571D0}.Release|x86.ActiveCfg = Release|x86
		{C2DA7E27-CE08-4C74-9592-2E4D893571D0}.Release|x86.Build.0 = Release|x86
		{C2DA7E27-CE08-4C74-9592-2E4D893571D0}.Release|x86.Deploy.0 = Release|x86
		{76C9DAFE-90D2-4F91-BED5-CF56E3C1AB5F}.Debug|ARM.ActiveCfg = Debug|ARM
		{76C9DAFE-90D2-4F91-BED5-CF56E3C1AB5F}.Debug|ARM.Build.0 = Debug|ARM
		{76C9DAFE-90D2-4F91-BED5-CF56E3C1AB5F}.Debug|ARM.Deploy.0 = Debug|ARM
		{76C9DAFE-90D2-4F91-BED5-CF56E3C1AB5F}.Debug|ARM64.ActiveCfg = Debug|ARM64
		{76C9DAFE-90D2-4F91-BED5-CF56E3C1AB5F}.Debug|ARM64.Build.0 = Debug|ARM64
		{76C9DAFE-90D2-4F91-BED5-CF56E3C1AB5F}.Debug|ARM64.Deploy.0 = Debug|ARM64
		{76C9DAFE-90D2-4F91-BED5-CF56E3C1AB5F}.Debug|x64.ActiveCfg = Debug|x64
		{76C9DAFE-90D2-4F91-BED5-CF56E3C1AB5F}.Debug|x64.Build.0 = Debug|x64
		{76C9DAFE-90D2-4F91-BED5-CF56E3C1AB5F}.Debug|x64.Deploy.0 = Debug|x64
		{76C9DAFE-90D2-4F91-BED5-CF56E3C1AB5F}.Debug|x86.ActiveCfg = Debug|x86
		{76C9DAFE-90D2-4F91-BED5-CF56E3C1AB5F}.Debug|x86.Build.0 = Debug|x86
		{76C9DAFE-90D2-4F91-BED5-CF56E3C1AB5F}.Debug|x86.Deploy.0 = Debug|x86
		{76C9DAFE-90D2-4F91-BED5-CF56E3C1AB5F}.Release|ARM.ActiveCfg = Release|ARM
		{76C9DAFE-90D2-4F91-BED5-CF56E3C1AB5F}.Release|ARM.Build.0 = Release|ARM
		{76C9DAFE-90D2-4F91-BED5-CF56E3C1AB5F}.Release|ARM.Deploy.0 = Release|ARM
		{76C9DAFE-90D2-4F91-BED5-CF56E3C1AB5F}.Release|ARM64.ActiveCfg = Release|ARM64
		{76C9DAFE-90D2-4F91-BED5-CF56E3C1AB5F}.Release|ARM64.Build.0 = Release|ARM64
		{76C9DAFE-90D2-4F91-BED5-CF56E3C1AB5F}.Release|ARM64.Deploy.0 = Release|ARM64
		{76C9DAFE-90D2-4F91-BED5-CF56E3C1AB5F}.Release|x64.ActiveCfg = Release|x64
		{76C9DAFE-90D2-4F91-BED5-CF56E3C1AB5F}.Release|x64.Build.0 = Release|x64
		{76C9DAFE-90D2-4F91-BED5-CF56E3C1AB5F}.Release|x64.Deploy.0 = Release|x64
		{76C9DAFE-90D2-4F91-BED5-CF56E3C1AB5F}.Release|x86.ActiveCfg = Release|x86
		{76C9DAFE-90D2-4F91-BED5-CF56E3C1AB5F}.Release|x86.Build.0 = Release|x86
		{76C9DAFE-90D2-4F91-BED5-CF56E3C1AB5F}.Release|x86.Deploy.0 = Release|x86
		{5F257A3A-9237-4B3D-9806-79D0597B69DD}.Debug|ARM.ActiveCfg = Debug|ARM
		{5F257A3A-9237-4B3D-9806-79D0597B69DD}.Debug|ARM.Build.0 = Debug|ARM
		{5F257A3A-9237-4B3D-9806-79D0597B69DD}.Debug|ARM.Deploy.0 = Debug|ARM
		{5F257A3A-9237-4B3D-9806-79D0597B69DD}.Debug|ARM64.ActiveCfg = Debug|ARM64
		{5F257A3A-9237-4B3D-9806-79D0597B69DD}.Debug|ARM64.Build.0 = Debug|ARM64
		{5F257A3A-9237-4B3D-9806-79D0597B69DD}.Debug|ARM64.Deploy.0 = Debug|ARM64
		{5F257A3A-9237-4B3D-9806-79D0597B69DD}.Debug|x64.ActiveCfg = Debug|x64
		{5F257A3A-9237-4B3D-9806-79D0597B69DD}.Debug|x64.Build.0 = Debug|x64
		{5F257A3A-9237-4B3D-9806-79D0597B69DD}.Debug|x64.Deploy.0 = Debug|x64
		{5F257A3A-9237-4B3D-9806-79D0597B69DD}.Debug|x86.ActiveCfg = Debug|x86
		{5F257A3A-9237-4B3D-9806-79D0597B69DD}.Debug|x86.Build.0 = Debug|x86
		{5F257A3A-9237-4B3D-9806-79D0597B69DD}.Debug|x86.Deploy.0 = Debug|x86
		{5F257A3A-9237-4B3D-9806-79D0597B69DD}.Release|ARM.ActiveCfg = Release|ARM
		{5F257A3A-9237-4B3D-9806-79D0597B69DD}.Release|ARM.Build.0 = Release|ARM
		{5F257A3A-9237-4B3D-9806-79D0597B69DD}.Release|ARM.Deploy.0 = Release|ARM
		{5F257A3A-9237-4B3D-9806-79D0597B69DD}.Release|ARM64.ActiveCfg = Release|ARM64
		{5F257A3A-9237-4B3D-9806-79D0597B69DD}.Release|ARM64.Build.0 = Release|ARM64
		{5F257A3A-9237-4B3D-9806-79D0597B69DD}.Release|ARM64.Deploy.0 = Release|ARM64
		{5F257A3A-9237-4B3D-9806-79D0597B69DD}.Release|x64.ActiveCfg = Release|x64
		{5F257A3A-9237-4B3D-9806-79D0597B69DD}.Release|x64.Build.0 = Release|x64
		{5F257A3A-9237-4B3D-9806-79D0597B69DD}.Release|x64.Deploy.0 = Release|x64
		{5F257A3A-9237-4B3D-9806-79D0597B69DD}.Release|x86.ActiveCfg = Release|x86
		{5F257A3A-9237-4B3D-9806-79D0597B69DD}.Release|x86.Build.0 = Release|x86
		{5F257A3A-9237-4B3D-9806-79D0597B69DD}.Release|x86.Deploy.0 = Release|x86
		{4EBD3055-0BBA-4A3F-BD21-7FE363E6BA4C}.Debug|ARM.ActiveCfg = Debug|ARM
		{4EBD3055-0BBA-4A3F-BD21-7FE363E6BA4C}.Debug|ARM.Build.0 = Debug|ARM
		{4EBD3055-0BBA-4A3F-BD21-7FE363E6BA4C}.Debug|ARM.Deploy.0 = Debug|ARM
		{4EBD3055-0BBA-4A3F-BD21-7FE363E6BA4C}.Debug|ARM64.ActiveCfg = Debug|ARM64
		{4EBD3055-0BBA-4A3F-BD21-7FE363E6BA4C}.Debug|ARM64.Build.0 = Debug|ARM64
		{4EBD3055-0BBA-4A3F-BD21-7FE363E6BA4C}.Debug|ARM64.Deploy.0 = Debug|ARM64
		{4EBD3055-0BBA-4A3F-BD21-7FE363E6BA4C}.Debug|x64.ActiveCfg = Debug|x64
		{4EBD3055-0BBA-4A3F-BD21-7FE363E6BA4C}.Debug|x64.Build.0 = Debug|x64
		{4EBD3055-0BBA-4A3F-BD21-7FE363E6BA4C}.Debug|x64.Deploy.0 = Debug|x64
		{4EBD3055-0BBA-4A3F-BD21-7FE363E6BA4C}.Debug|x86.ActiveCfg = Debug|x86
		{4EBD3055-0BBA-4A3F-BD21-7FE363E6BA4C}.Debug|x86.Build.0 = Debug|x86
		{4EBD3055-0BBA-4A3F-BD21-7FE363E6BA4C}.Debug|x86.Deploy.0 = Debug|x86
		{4EBD3055-0BBA-4A3F-BD21-7FE363E6BA4C}.Release|ARM.ActiveCfg = Release|ARM
		{4EBD3055-0BBA-4A3F-BD21-7FE363E6BA4C}.Release|ARM.Build.0 = Release|ARM
		{4EBD3055-0BBA-4A3F-BD21-7FE363E6BA4C}.Release|ARM.Deploy.0 = Release|ARM
		{4EBD3055-0BBA-4A3F-BD21-7FE363E6BA4C}.Release|ARM64.ActiveCfg = Release|ARM64
		{4EBD3055-0BBA-4A3F-BD21-7FE363E6BA4C}.Release|ARM64.Build.0 = Release|ARM64
		{4EBD3055-0BBA-4A3F-BD21-7FE363E6BA4C}.Release|ARM64.Deploy.0 = Release|ARM64
		{4EBD3055-0BBA-4A3F-BD21-7FE363E6BA4C}.Release|x64.ActiveCfg = Release|x64
		{4EBD3055-0BBA-4A3F-BD21-7FE363E6BA4C}.Release|x64.Build.0 = Release|x64
		{4EBD3055-0BBA-4A3F-BD21-7FE363E6BA4C}.Release|x64.Deploy.0 = Release|x64
		{4EBD3055-0BBA-4A3F-BD21-7FE363E6BA4C}.Release|x86.ActiveCfg = Release|x86
		{4EBD3055-0BBA-4A3F-BD21-7FE363E6BA4C}.Release|x86.Build.0 = Release|x86
		{4EBD3055-0BBA-4A3F-BD21-7FE363E6BA4C}.Release|x86.Deploy.0 = Release|x86
		{5233F0EB-EFFB-4554-9E91-61F473C99235}.Debug|ARM.ActiveCfg = Debug|ARM
		{5233F0EB-EFFB-4554-9E91-61F473C99235}.Debug|ARM.Build.0 = Debug|ARM
		{5233F0EB-EFFB-4554-9E91-61F473C99235}.Debug|ARM.Deploy.0 = Debug|ARM
		{5233F0EB-EFFB-4554-9E91-61F473C99235}.Debug|ARM64.ActiveCfg = Debug|ARM64
		{5233F0EB-EFFB-4554-9E91-61F473C99235}.Debug|ARM64.Build.0 = Debug|ARM64
		{5233F0EB-EFFB-4554-9E91-61F473C99235}.Debug|ARM64.Deploy.0 = Debug|ARM64
		{5233F0EB-EFFB-4554-9E91-61F473C99235}.Debug|x64.ActiveCfg = Debug|x64
		{5233F0EB-EFFB-4554-9E91-61F473C99235}.Debug|x64.Build.0 = Debug|x64
		{5233F0EB-EFFB-4554-9E91-61F473C99235}.Debug|x64.Deploy.0 = Debug|x64
		{5233F0EB-EFFB-4554-9E91-61F473C99235}.Debug|x86.ActiveCfg = Debug|x86
		{5233F0EB-EFFB-4554-9E91-61F473C99235}.Debug|x86.Build.0 = Debug|x86
		{5233F0EB-EFFB-4554-9E91-61F473C99235}.Debug|x86.Deploy.0 = Debug|x86
		{5233F0EB-EFFB-4554-9E91-61F473C99235}.Release|ARM.ActiveCfg = Release|ARM
		{5233F0EB-EFFB-4554-9E91-61F473C99235}.Release|ARM.Build.0 = Release|ARM
		{5233F0EB-EFFB-4554-9E91-61F473C99235}.Release|ARM.Deploy.0 = Release|ARM
		{5233F0EB-EFFB-4554-9E91-61F473C99235}.Release|ARM64.ActiveCfg = Release|ARM64
		{5233F0EB-EFFB-4554-9E91-61F473C99235}.Release|ARM64.Build.0 = Release|ARM64
		{5233F0EB-EFFB-4554-9E91-61F473C99235}.Release|ARM64.Deploy.0 = Release|ARM64
		{5233F0EB-EFFB-4554-9E91-61F473C99235}.Release|x64.ActiveCfg = Release|x64
		{5233F0EB-EFFB-4554-9E91-61F473C99235}.Release|x64.Build.0 = Release|x64
		{5233F0EB-EFFB-4554-9E91-61F473C99235}.Release|x64.Deploy.0 = Release|x64
		{5233F0EB-EFFB-4554-9E91-61F473C99235}.Release|x86.ActiveCfg = Release|x86
		{5233F0EB-EFFB-4554-9E91-61F473C99235}.Release|x86.Build.0 = Release|x86
		{5233F0EB-EFFB-4554-9E91-61F473C99235}.Release|x86.Deploy.0 = Release|x86
		{57C569A6-2105-4264-9D74-02025857B14D}.Debug|ARM.ActiveCfg = Debug|ARM
		{57C569A6-2105-4264-9D74-02025857B14D}.Debug|ARM.Build.0 = Debug|ARM
		{57C569A6-2105-4264-9D74-02025857B14D}.Debug|ARM.Deploy.0 = Debug|ARM
		{57C569A6-2105-4264-9D74-02025857B14D}.Debug|ARM64.ActiveCfg = Debug|ARM64
		{57C569A6-2105-4264-9D74-02025857B14D}.Debug|ARM64.Build.0 = Debug|ARM64
		{57C569A6-2105-4264-9D74-02025857B14D}.Debug|ARM64.Deploy.0 = Debug|ARM64
		{57C569A6-2105-4264-9D74-02025857B14D}.Debug|x64.ActiveCfg = Debug|x64
		{57C569A6-2105-4264-9D74-02025857B14D}.Debug|x64.Build.0 = Debug|x64
		{57C569A6-2105-4264-9D74-02025857B14D}.Debug|x64.Deploy.0 = Debug|x64
		{57C569A6-2105-4264-9D74-02025857B14D}.Debug|x86.ActiveCfg = Debug|x86
		{57C569A6-2105-4264-9D74-02025857B14D}.Debug|x86.Build.0 = Debug|x86
		{57C569A6-2105-4264-9D74-02025857B14D}.Debug|x86.Deploy.0 = Debug|x86
		{57C569A6-2105-4264-9D74-02025857B14D}.Release|ARM.ActiveCfg = Release|ARM
		{57C569A6-2105-4264-9D74-02025857B14D}.Release|ARM.Build.0 = Release|ARM
		{57C569A6-2105-4264-9D74-02025857B14D}.Release|ARM.Deploy.0 = Release|ARM
		{57C569A6-2105-4264-9D74-02025857B14D}.Release|ARM64.ActiveCfg = Release|ARM64
		{57C569A6-2105-4264-9D74-02025857B14D}.Release|ARM64.Build.0 = Release|ARM64
		{57C569A6-2105-4264-9D74-02025857B14D}.Release|ARM64.Deploy.0 = Release|ARM64
		{57C569A6-2105-4264-9D74-02025857B14D}.Release|x64.ActiveCfg = Release|x64
		{57C569A6-2105-4264-9D74-02025857B14D}.Release|x64.Build.0 = Release|x64
		{57C569A6-2105-4264-9D74-02025857B14D}.Release|x64.Deploy.0 = Release|x64
		{57C569A6-2105-4264-9D74-02025857B14D}.Release|x86.ActiveCfg = Release|x86
		{57C569A6-2105-4264-9D74-02025857B14D}.Release|x86.Build.0 = Release|x86
		{57C569A6-2105-4264-9D74-02025857B14D}.Release|x86.Deploy.0 = Release|x86
		{D6384B28-74B2-47A8-9C86-FCB44EE51BB1}.Debug|ARM.ActiveCfg = Debug|ARM
		{D6384B28-74B2-47A8-9C86-FCB44EE51BB1}.Debug|ARM.Build.0 = Debug|ARM
		{D6384B28-74B2-47A8-9C86-FCB44EE51BB1}.Debug|ARM.Deploy.0 = Debug|ARM
		{D6384B28-74B2-47A8-9C86-FCB44EE51BB1}.Debug|ARM64.ActiveCfg = Debug|ARM64
		{D6384B28-74B2-47A8-9C86-FCB44EE51BB1}.Debug|ARM64.Build.0 = Debug|ARM64
		{D6384B28-74B2-47A8-9C86-FCB44EE51BB1}.Debug|ARM64.Deploy.0 = Debug|ARM64
		{D6384B28-74B2-47A8-9C86-FCB44EE51BB1}.Debug|x64.ActiveCfg = Debug|x64
		{D6384B28-74B2-47A8-9C86-FCB44EE51BB1}.Debug|x64.Build.0 = Debug|x64
		{D6384B28-74B2-47A8-9C86-FCB44EE51BB1}.Debug|x64.Deploy.0 = Debug|x64
		{D6384B28-74B2-47A8-9C86-FCB44EE51BB1}.Debug|x86.ActiveCfg = Debug|x86
		{D6384B28-74B2-47A8-9C86-FCB44EE51BB1}.Debug|x86.Build.0 = Debug|x86
		{D6384B28-74B2-47A8-9C86-FCB44EE51BB1}.Debug|x86.Deploy.0 = Debug|x86
		{D6384B28-74B2-47A8-9C86-FCB44EE51BB1}.Release|ARM.ActiveCfg = Release|ARM
		{D6384B28-74B2-47A8-9C86-FCB44EE51BB1}.Release|ARM.Build.0 = Release|ARM
		{D6384B28-74B2-47A8-9C86-FCB44EE51BB1}.Release|ARM.Deploy.0 = Release|ARM
		{D6384B28-74B2-47A8-9C86-FCB44EE51BB1}.Release|ARM64.ActiveCfg = Release|ARM64
		{D6384B28-74B2-47A8-9C86-FCB44EE51BB1}.Release|ARM64.Build.0 = Release|ARM64
		{D6384B28-74B2-47A8-9C86-FCB44EE51BB1}.Release|ARM64.Deploy.0 = Release|ARM64
		{D6384B28-74B2-47A8-9C86-FCB44EE51BB1}.Release|x64.ActiveCfg = Release|x64
		{D6384B28-74B2-47A8-9C86-FCB44EE51BB1}.Release|x64.Build.0 = Release|x64
		{D6384B28-74B2-47A8-9C86-FCB44EE51BB1}.Release|x64.Deploy.0 = Release|x64
		{D6384B28-74B2-47A8-9C86-FCB44EE51BB1}.Release|x86.ActiveCfg = Release|x86
		{D6384B28-74B2-47A8-9C86-FCB44EE51BB1}.Release|x86.Build.0 = Release|x86
		{D6384B28-74B2-47A8-9C86-FCB44EE51BB1}.Release|x86.Deploy.0 = Release|x86
		{84A7225C-2DAF-410D-AB85-282AB220A89F}.Debug|ARM.ActiveCfg = Debug|ARM
		{84A7225C-2DAF-410D-AB85-282AB220A89F}.Debug|ARM.Build.0 = Debug|ARM
		{84A7225C-2DAF-410D-AB85-282AB220A89F}.Debug|ARM64.ActiveCfg = Debug|ARM64
		{84A7225C-2DAF-410D-AB85-282AB220A89F}.Debug|ARM64.Build.0 = Debug|ARM64
		{84A7225C-2DAF-410D-AB85-282AB220A89F}.Debug|x64.ActiveCfg = Debug|x64
		{84A7225C-2DAF-410D-AB85-282AB220A89F}.Debug|x64.Build.0 = Debug|x64
		{84A7225C-2DAF-410D-AB85-282AB220A89F}.Debug|x86.ActiveCfg = Debug|Win32
		{84A7225C-2DAF-410D-AB85-282AB220A89F}.Debug|x86.Build.0 = Debug|Win32
		{84A7225C-2DAF-410D-AB85-282AB220A89F}.Release|ARM.ActiveCfg = Release|ARM
		{84A7225C-2DAF-410D-AB85-282AB220A89F}.Release|ARM.Build.0 = Release|ARM
		{84A7225C-2DAF-410D-AB85-282AB220A89F}.Release|ARM64.ActiveCfg = Release|ARM64
		{84A7225C-2DAF-410D-AB85-282AB220A89F}.Release|ARM64.Build.0 = Release|ARM64
		{84A7225C-2DAF-410D-AB85-282AB220A89F}.Release|x64.ActiveCfg = Release|x64
		{84A7225C-2DAF-410D-AB85-282AB220A89F}.Release|x64.Build.0 = Release|x64
		{84A7225C-2DAF-410D-AB85-282AB220A89F}.Release|x86.ActiveCfg = Release|Win32
		{84A7225C-2DAF-410D-AB85-282AB220A89F}.Release|x86.Build.0 = Release|Win32
	EndGlobalSection
	GlobalSection(SolutionProperties) = preSolution
		HideSolutionNode = FALSE
	EndGlobalSection
	GlobalSection(NestedProjects) = preSolution
		{C2DA7E27-CE08-4C74-9592-2E4D893571D0} = {629CFF12-2423-4296-9A2A-C867E43BDE71}
		{76C9DAFE-90D2-4F91-BED5-CF56E3C1AB5F} = {3E688424-7E24-4287-A6ED-4D6069E60263}
		{5F257A3A-9237-4B3D-9806-79D0597B69DD} = {3E688424-7E24-4287-A6ED-4D6069E60263}
		{4EBD3055-0BBA-4A3F-BD21-7FE363E6BA4C} = {3E688424-7E24-4287-A6ED-4D6069E60263}
		{5233F0EB-EFFB-4554-9E91-61F473C99235} = {3E688424-7E24-4287-A6ED-4D6069E60263}
		{57C569A6-2105-4264-9D74-02025857B14D} = {3E688424-7E24-4287-A6ED-4D6069E60263}
		{D6384B28-74B2-47A8-9C86-FCB44EE51BB1} = {3E688424-7E24-4287-A6ED-4D6069E60263}
		{84A7225C-2DAF-410D-AB85-282AB220A89F} = {A3EDC0A8-663E-4887-949E-57E34E1C4E4D}
	EndGlobalSection
	GlobalSection(ExtensibilityGlobals) = postSolution
		SolutionGuid = {68E41525-A5FE-4BCC-9022-F8F913ABC53F}
	EndGlobalSection
EndGlobal
